
Microsoft Visual Studio Solution File, Format Version 12.00
# Visual Studio 15
VisualStudioVersion = 15.0.27428.2015
MinimumVisualStudioVersion = 10.0.40219.1
Project("{FAE04EC0-301F-11D3-BF4B-00C04F79EFBC}") = "program1", "program1\program1.csproj", "{89AD6435-2B17-4BD5-BB1C-F58501CB63A4}"
EndProject
Project("{FAE04EC0-301F-11D3-BF4B-00C04F79EFBC}") = "Form1", "Form1\Form1.csproj", "{D8321AE0-720E-46D2-9C44-F26EFD172491}"
EndProject
Global
	GlobalSection(SolutionConfigurationPlatforms) = preSolution
		Debug|Any CPU = Debug|Any CPU
		Release|Any CPU = Release|Any CPU
	EndGlobalSection
	GlobalSection(ProjectConfigurationPlatforms) = postSolution
		{89AD6435-2B17-4BD5-BB1C-F58501CB63A4}.Debug|Any CPU.ActiveCfg = Debug|Any CPU
		{89AD6435-2B17-4BD5-BB1C-F58501CB63A4}.Debug|Any CPU.Build.0 = Debug|Any CPU
		{89AD6435-2B17-4BD5-BB1C-F58501CB63A4}.Release|Any CPU.ActiveCfg = Release|Any CPU
		{89AD6435-2B17-4BD5-BB1C-F58501CB63A4}.Release|Any CPU.Build.0 = Release|Any CPU
		{D8321AE0-720E-46D2-9C44-F26EFD172491}.Debug|Any CPU.ActiveCfg = Debug|Any CPU
		{D8321AE0-720E-46D2-9C44-F26EFD172491}.Debug|Any CPU.Build.0 = Debug|Any CPU
		{D8321AE0-720E-46D2-9C44-F26EFD172491}.Release|Any CPU.ActiveCfg = Release|Any CPU
		{D8321AE0-720E-46D2-9C44-F26EFD172491}.Release|Any CPU.Build.0 = Release|Any CPU
	EndGlobalSection
	GlobalSection(SolutionProperties) = preSolution
		HideSolutionNode = FALSE
	EndGlobalSection
	GlobalSection(ExtensibilityGlobals) = postSolution
		SolutionGuid = {7565F645-69DE-4FA1-8059-6FF7690CC5CD}
	EndGlobalSection
EndGlobal
