
Microsoft Visual Studio Solution File, Format Version 12.00
# Visual Studio 15
VisualStudioVersion = 15.0.27428.2015
MinimumVisualStudioVersion = 10.0.40219.1
Project("{FAE04EC0-301F-11D3-BF4B-00C04F79EFBC}") = "First-4", "First-4\First-4.csproj", "{4BC035F8-0D4F-4925-937D-5388F5668D08}"
EndProject
Project("{FAE04EC0-301F-11D3-BF4B-00C04F79EFBC}") = "First-5", "First-5\First-5.csproj", "{CCBED8BF-1D03-4AF1-A45A-087072E88A7F}"
EndProject
Global
	GlobalSection(SolutionConfigurationPlatforms) = preSolution
		Debug|Any CPU = Debug|Any CPU
		Release|Any CPU = Release|Any CPU
	EndGlobalSection
	GlobalSection(ProjectConfigurationPlatforms) = postSolution
		{4BC035F8-0D4F-4925-937D-5388F5668D08}.Debug|Any CPU.ActiveCfg = Debug|Any CPU
		{4BC035F8-0D4F-4925-937D-5388F5668D08}.Debug|Any CPU.Build.0 = Debug|Any CPU
		{4BC035F8-0D4F-4925-937D-5388F5668D08}.Release|Any CPU.ActiveCfg = Release|Any CPU
		{4BC035F8-0D4F-4925-937D-5388F5668D08}.Release|Any CPU.Build.0 = Release|Any CPU
		{CCBED8BF-1D03-4AF1-A45A-087072E88A7F}.Debug|Any CPU.ActiveCfg = Debug|Any CPU
		{CCBED8BF-1D03-4AF1-A45A-087072E88A7F}.Debug|Any CPU.Build.0 = Debug|Any CPU
		{CCBED8BF-1D03-4AF1-A45A-087072E88A7F}.Release|Any CPU.ActiveCfg = Release|Any CPU
		{CCBED8BF-1D03-4AF1-A45A-087072E88A7F}.Release|Any CPU.Build.0 = Release|Any CPU
	EndGlobalSection
	GlobalSection(SolutionProperties) = preSolution
		HideSolutionNode = FALSE
	EndGlobalSection
	GlobalSection(ExtensibilityGlobals) = postSolution
		SolutionGuid = {930715F2-918A-401B-A88E-04B37C079FF4}
	EndGlobalSection
EndGlobal
