
Microsoft Visual Studio Solution File, Format Version 12.00
# Visual Studio 15
VisualStudioVersion = 15.0.27428.2015
MinimumVisualStudioVersion = 10.0.40219.1
Project("{FAE04EC0-301F-11D3-BF4B-00C04F79EFBC}") = "Crawler", "Program1\Crawler.csproj", "{27471AD3-D9E5-437C-8F7A-DD75519828FF}"
EndProject
Global
	GlobalSection(SolutionConfigurationPlatforms) = preSolution
		Debug|Any CPU = Debug|Any CPU
		Release|Any CPU = Release|Any CPU
	EndGlobalSection
	GlobalSection(ProjectConfigurationPlatforms) = postSolution
		{27471AD3-D9E5-437C-8F7A-DD75519828FF}.Debug|Any CPU.ActiveCfg = Debug|Any CPU
		{27471AD3-D9E5-437C-8F7A-DD75519828FF}.Debug|Any CPU.Build.0 = Debug|Any CPU
		{27471AD3-D9E5-437C-8F7A-DD75519828FF}.Release|Any CPU.ActiveCfg = Release|Any CPU
		{27471AD3-D9E5-437C-8F7A-DD75519828FF}.Release|Any CPU.Build.0 = Release|Any CPU
	EndGlobalSection
	GlobalSection(SolutionProperties) = preSolution
		HideSolutionNode = FALSE
	EndGlobalSection
	GlobalSection(ExtensibilityGlobals) = postSolution
		SolutionGuid = {879962E5-218C-4D70-ACC0-68259793BC3A}
	EndGlobalSection
EndGlobal
