
Microsoft Visual Studio Solution File, Format Version 12.00
# Visual Studio 15
VisualStudioVersion = 15.0.27428.2015
MinimumVisualStudioVersion = 10.0.40219.1
Project("{FAE04EC0-301F-11D3-BF4B-00C04F79EFBC}") = "simpleFactory", "simpleFactory\simpleFactory.csproj", "{AC29C6DB-F3C9-456B-AD89-7D986A4C5F28}"
EndProject
Global
	GlobalSection(SolutionConfigurationPlatforms) = preSolution
		Debug|Any CPU = Debug|Any CPU
		Release|Any CPU = Release|Any CPU
	EndGlobalSection
	GlobalSection(ProjectConfigurationPlatforms) = postSolution
		{AC29C6DB-F3C9-456B-AD89-7D986A4C5F28}.Debug|Any CPU.ActiveCfg = Debug|Any CPU
		{AC29C6DB-F3C9-456B-AD89-7D986A4C5F28}.Debug|Any CPU.Build.0 = Debug|Any CPU
		{AC29C6DB-F3C9-456B-AD89-7D986A4C5F28}.Release|Any CPU.ActiveCfg = Release|Any CPU
		{AC29C6DB-F3C9-456B-AD89-7D986A4C5F28}.Release|Any CPU.Build.0 = Release|Any CPU
	EndGlobalSection
	GlobalSection(SolutionProperties) = preSolution
		HideSolutionNode = FALSE
	EndGlobalSection
	GlobalSection(ExtensibilityGlobals) = postSolution
		SolutionGuid = {81194D14-44E5-40CD-A7DB-D3A21A2FFED6}
	EndGlobalSection
EndGlobal
